
Microsoft Visual Studio Solution File, Format Version 12.00
# Visual Studio Version 16
VisualStudioVersion = 16.0.29009.5
MinimumVisualStudioVersion = 10.0.40219.1
Project("{FAE04EC0-301F-11D3-BF4B-00C04F79EFBC}") = "Unimake.Security.Platform", "Unimake.Security.Platform.csproj", "{C57F555F-3C39-45D3-B759-8091C9304882}"
EndProject
Global
	GlobalSection(SolutionConfigurationPlatforms) = preSolution
		Debug|Any CPU = Debug|Any CPU
		Release|Any CPU = Release|Any CPU
	EndGlobalSection
	GlobalSection(ProjectConfigurationPlatforms) = postSolution
		{C57F555F-3C39-45D3-B759-8091C9304882}.Debug|Any CPU.ActiveCfg = Debug|Any CPU
		{C57F555F-3C39-45D3-B759-8091C9304882}.Debug|Any CPU.Build.0 = Debug|Any CPU
		{C57F555F-3C39-45D3-B759-8091C9304882}.Release|Any CPU.ActiveCfg = Release|Any CPU
		{C57F555F-3C39-45D3-B759-8091C9304882}.Release|Any CPU.Build.0 = Release|Any CPU
	EndGlobalSection
	GlobalSection(SolutionProperties) = preSolution
		HideSolutionNode = FALSE
	EndGlobalSection
	GlobalSection(ExtensibilityGlobals) = postSolution
		SolutionGuid = {A3F6D1CF-ED3A-4E9C-A98B-01E80FB31BC0}
	EndGlobalSection
EndGlobal
