
Microsoft Visual Studio Solution File, Format Version 12.00
# Visual Studio Version 16
VisualStudioVersion = 16.0.29009.5
MinimumVisualStudioVersion = 10.0.40219.1
Project("{9A19103F-16F7-4668-BE54-9A1E7A4F7556}") = "Unimake.Business.DFe", "Unimake.Business.DFe.csproj", "{275542C6-6164-4694-A892-8BECE036EFC1}"
EndProject
Global
	GlobalSection(SolutionConfigurationPlatforms) = preSolution
		Debug|Any CPU = Debug|Any CPU
		Release|Any CPU = Release|Any CPU
	EndGlobalSection
	GlobalSection(ProjectConfigurationPlatforms) = postSolution
		{275542C6-6164-4694-A892-8BECE036EFC1}.Debug|Any CPU.ActiveCfg = Debug|Any CPU
		{275542C6-6164-4694-A892-8BECE036EFC1}.Debug|Any CPU.Build.0 = Debug|Any CPU
		{275542C6-6164-4694-A892-8BECE036EFC1}.Release|Any CPU.ActiveCfg = Release|Any CPU
		{275542C6-6164-4694-A892-8BECE036EFC1}.Release|Any CPU.Build.0 = Release|Any CPU
	EndGlobalSection
	GlobalSection(SolutionProperties) = preSolution
		HideSolutionNode = FALSE
	EndGlobalSection
	GlobalSection(ExtensibilityGlobals) = postSolution
		SolutionGuid = {F051F21A-AA67-4D2C-9DDD-1EA1764654DB}
	EndGlobalSection
EndGlobal
