<?xml version="1.0" encoding="UTF-8"?>
<CONFIG>
  <ProjectOptions>
    <Version Value="12"/>
    <PathDelim Value="\"/>
    <General>
      <SessionStorage Value="InProjectDir"/>
      <Title Value="Treinamento"/>
      <Scaled Value="True"/>
      <ResourceType Value="res"/>
      <UseXPManifest Value="True"/>
      <XPManifest>
        <DpiAware Value="True"/>
      </XPManifest>
      <Icon Value="0"/>
    </General>
    <BuildModes>
      <Item Name="Default" Default="True"/>
    </BuildModes>
    <PublishOptions>
      <Version Value="2"/>
      <UseFileFilters Value="True"/>
    </PublishOptions>
    <RunParams>
      <FormatVersion Value="2"/>
    </RunParams>
    <RequiredPackages>
      <Item>
        <PackageName Value="LCL"/>
      </Item>
    </RequiredPackages>
    <Units>
      <Unit>
        <Filename Value="Treinamento.lpr"/>
        <IsPartOfProject Value="True"/>
      </Unit>
      <Unit>
        <Filename Value="main.pas"/>
        <IsPartOfProject Value="True"/>
        <ComponentName Value="frmPrincipal"/>
        <HasResources Value="True"/>
        <ResourceBaseClass Value="Form"/>
        <UnitName Value="Main"/>
      </Unit>
      <Unit>
        <Filename Value="consultarstatusnfe.pas"/>
        <IsPartOfProject Value="True"/>
        <UnitName Value="ConsultarStatusNFe"/>
      </Unit>
      <Unit>
        <Filename Value="enviarnfesincrono.pas"/>
        <IsPartOfProject Value="True"/>
        <UnitName Value="EnviarNFeSincrono"/>
      </Unit>
      <Unit>
        <Filename Value="imprimirdanfecomunidanfe.pas"/>
        <IsPartOfProject Value="True"/>
        <UnitName Value="ImprimirDANFEcomUniDANFE"/>
      </Unit>
      <Unit>
        <Filename Value="enviarnfesincronodesserializacao.pas"/>
        <IsPartOfProject Value="True"/>
        <UnitName Value="EnviarNFeSincronoDesserializacao"/>
      </Unit>
      <Unit>
        <Filename Value="consultarsituacaonfe.pas"/>
        <IsPartOfProject Value="True"/>
        <UnitName Value="ConsultarSituacaoNFe"/>
      </Unit>
      <Unit>
        <Filename Value="consultardistribuicaodfe.pas"/>
        <IsPartOfProject Value="True"/>
        <UnitName Value="ConsultarDistribuicaoDFe"/>
      </Unit>
      <Unit>
        <Filename Value="enviareventomanifestacaonfe.pas"/>
        <IsPartOfProject Value="True"/>
        <UnitName Value="EnviarEventoManifestacaoNFe"/>
      </Unit>
      <Unit>
        <Filename Value="enviarnfcesincrono.pas"/>
        <IsPartOfProject Value="True"/>
        <UnitName Value="EnviarNFCeSincrono"/>
      </Unit>
      <Unit>
        <Filename Value="enviarnfcesincronodesserializacao.pas"/>
        <IsPartOfProject Value="True"/>
        <UnitName Value="EnviarNFCeSincronoDesserializacao"/>
      </Unit>
      <Unit>
        <Filename Value="desserializarretornoconsultadfe.pas"/>
        <IsPartOfProject Value="True"/>
        <UnitName Value="DesserializarRetornoConsultaDFe"/>
      </Unit>
      <Unit>
        <Filename Value="certificadodigital.pas"/>
        <IsPartOfProject Value="True"/>
        <UnitName Value="CertificadoDigital"/>
      </Unit>
      <Unit>
        <Filename Value="BETHAGerarNfse.pas"/>
        <IsPartOfProject Value="True"/>
        <UnitName Value="BETHAGerarNFSe"/>
      </Unit>
      <Unit>
        <Filename Value="BETHACancelarNFSe.pas"/>
        <IsPartOfProject Value="True"/>
      </Unit>
      <Unit>
        <Filename Value="BETHAEnviarLoteRPSSincrono.pas"/>
        <IsPartOfProject Value="True"/>
      </Unit>
      <Unit>
        <Filename Value="BETHAConsultarNFSeRPS.pas"/>
        <IsPartOfProject Value="True"/>
      </Unit>
      <Unit>
        <Filename Value="BETHAConsultarLoteRPS.pas"/>
        <IsPartOfProject Value="True"/>
      </Unit>
      <Unit>
        <Filename Value="NACIONALGerarNfse.pas"/>
        <IsPartOfProject Value="True"/>
        <UnitName Value="NACIONALGerarNFSe"/>
      </Unit>
      <Unit>
        <Filename Value="NACIONALCancelarNFSe.pas"/>
        <IsPartOfProject Value="True"/>
      </Unit>
      <Unit>
        <Filename Value="NACIONALConsultarNFSe.pas"/>
        <IsPartOfProject Value="True"/>
      </Unit>
      <Unit>
        <Filename Value="NACIONALConsultarNFSeRPS.pas"/>
        <IsPartOfProject Value="True"/>
      </Unit>
      <Unit>
        <Filename Value="NACIONALConsultarNFSePDF.pas"/>
        <IsPartOfProject Value="True"/>
      </Unit>
    </Units>
  </ProjectOptions>
  <CompilerOptions>
    <Version Value="11"/>
    <PathDelim Value="\"/>
    <Target>
      <Filename Value="Treinamento"/>
    </Target>
    <SearchPaths>
      <IncludeFiles Value="$(ProjOutDir)"/>
      <UnitOutputDirectory Value="lib\$(TargetCPU)-$(TargetOS)"/>
    </SearchPaths>
    <Linking>
      <Debugging>
        <DebugInfoType Value="dsDwarf2Set"/>
      </Debugging>
      <Options>
        <Win32>
          <GraphicApplication Value="True"/>
        </Win32>
      </Options>
    </Linking>
  </CompilerOptions>
  <Debugging>
    <Exceptions>
      <Item>
        <Name Value="EAbort"/>
      </Item>
      <Item>
        <Name Value="ECodetoolError"/>
      </Item>
      <Item>
        <Name Value="EFOpenError"/>
      </Item>
      <Item>
        <Name Value="EOleSysError"/>
      </Item>
      <Item>
        <Name Value="EOleException"/>
      </Item>
    </Exceptions>
  </Debugging>
</CONFIG>
