
Microsoft Visual Studio Solution File, Format Version 12.00
# Visual Studio Version 17
VisualStudioVersion = 17.11.35219.272
MinimumVisualStudioVersion = 10.0.40219.1
Project("{9A19103F-16F7-4668-BE54-9A1E7A4F7556}") = "Treinamento", "Treinamento.csproj", "{5E6D1E12-C5C6-403D-8A5E-C0FA6E76373D}"
EndProject
Project("{9A19103F-16F7-4668-BE54-9A1E7A4F7556}") = "Unimake.Business.DFe", "C:\projetos\github\Unimake.DFe\source\.NET Standard\Unimake.Business.DFe\Unimake.Business.DFe.csproj", "{179386BF-699C-4A47-89AD-D49C9DBA37A7}"
EndProject
Project("{9A19103F-16F7-4668-BE54-9A1E7A4F7556}") = "Unimake.DFe.Test", "C:\projetos\github\Unimake.DFe\source\Unimake.DFe.Test\Unimake.DFe.Test.csproj", "{779C9E59-039C-436F-94DD-BBFED382522A}"
EndProject
Global
	GlobalSection(SolutionConfigurationPlatforms) = preSolution
		Debug|Any CPU = Debug|Any CPU
		INTEROP_Release|Any CPU = INTEROP_Release|Any CPU
		Release|Any CPU = Release|Any CPU
	EndGlobalSection
	GlobalSection(ProjectConfigurationPlatforms) = postSolution
		{5E6D1E12-C5C6-403D-8A5E-C0FA6E76373D}.Debug|Any CPU.ActiveCfg = Debug|Any CPU
		{5E6D1E12-C5C6-403D-8A5E-C0FA6E76373D}.Debug|Any CPU.Build.0 = Debug|Any CPU
		{5E6D1E12-C5C6-403D-8A5E-C0FA6E76373D}.INTEROP_Release|Any CPU.ActiveCfg = Release|Any CPU
		{5E6D1E12-C5C6-403D-8A5E-C0FA6E76373D}.INTEROP_Release|Any CPU.Build.0 = Release|Any CPU
		{5E6D1E12-C5C6-403D-8A5E-C0FA6E76373D}.Release|Any CPU.ActiveCfg = Release|Any CPU
		{5E6D1E12-C5C6-403D-8A5E-C0FA6E76373D}.Release|Any CPU.Build.0 = Release|Any CPU
		{179386BF-699C-4A47-89AD-D49C9DBA37A7}.Debug|Any CPU.ActiveCfg = Debug|Any CPU
		{179386BF-699C-4A47-89AD-D49C9DBA37A7}.Debug|Any CPU.Build.0 = Debug|Any CPU
		{179386BF-699C-4A47-89AD-D49C9DBA37A7}.INTEROP_Release|Any CPU.ActiveCfg = INTEROP_Release|Any CPU
		{179386BF-699C-4A47-89AD-D49C9DBA37A7}.INTEROP_Release|Any CPU.Build.0 = INTEROP_Release|Any CPU
		{179386BF-699C-4A47-89AD-D49C9DBA37A7}.Release|Any CPU.ActiveCfg = Release|Any CPU
		{179386BF-699C-4A47-89AD-D49C9DBA37A7}.Release|Any CPU.Build.0 = Release|Any CPU
		{779C9E59-039C-436F-94DD-BBFED382522A}.Debug|Any CPU.ActiveCfg = Debug|Any CPU
		{779C9E59-039C-436F-94DD-BBFED382522A}.Debug|Any CPU.Build.0 = Debug|Any CPU
		{779C9E59-039C-436F-94DD-BBFED382522A}.INTEROP_Release|Any CPU.ActiveCfg = Release|Any CPU
		{779C9E59-039C-436F-94DD-BBFED382522A}.INTEROP_Release|Any CPU.Build.0 = Release|Any CPU
		{779C9E59-039C-436F-94DD-BBFED382522A}.Release|Any CPU.ActiveCfg = Release|Any CPU
		{779C9E59-039C-436F-94DD-BBFED382522A}.Release|Any CPU.Build.0 = Release|Any CPU
	EndGlobalSection
	GlobalSection(SolutionProperties) = preSolution
		HideSolutionNode = FALSE
	EndGlobalSection
	GlobalSection(ExtensibilityGlobals) = postSolution
		SolutionGuid = {C7123286-A995-4CE8-B213-B709652AB595}
	EndGlobalSection
EndGlobal
